{
  "name": "hyperapp-transitions",
  "version": "0.10.1",
  "lockfileVersion": 1,
  "requires": true,
  "dependencies": {
    "commander": {
      "version": "2.12.2",
      "resolved": "https://registry.npmjs.org/commander/-/commander-2.12.2.tgz",
      "integrity": "sha512-BFnaq5ZOGcDN7FlrtBT4xxkgIToalIIxwjxLWVJ8bGTpe1LroqMiqQXdA7ygc7CRvaYS+9zfPGFnJqFSayx+AA==",
      "dev": true
    },
    "rollup": {
      "version": "0.52.2",
      "resolved": "https://registry.npmjs.org/rollup/-/rollup-0.52.2.tgz",
      "integrity": "sha512-1lSh5NghZu0H4QpA9wr4C1Y9lmgYK+p9MtVpriE6zpf5x3IXPbafc3k4Jfaw6upIT8eaVJLjDe4lcy7ByIYcOg=="
    },
    "source-map": {
      "version": "0.6.1",
      "resolved": "https://registry.npmjs.org/source-map/-/source-map-0.6.1.tgz",
      "integrity": "sha512-UjgapumWlbMhkBgzT7Ykc5YXUT46F0iKu8SGXq0bcwP5dz/h0Plj6enJqjz1Zbq2l5WaqYnrVbwWOWMyF3F47g==",
      "dev": true
    },
    "uglify-js": {
      "version": "3.2.2",
      "resolved": "https://registry.npmjs.org/uglify-js/-/uglify-js-3.2.2.tgz",
      "integrity": "sha512-++1NO/zZIEdWf6cDIGceSJQPX31SqIpbVAHwFG5+240MtZqPG/NIPoinj8zlXQtAfMBqEt1Jyv2FiLP3n9gVhQ==",
      "dev": true,
      "requires": {
        "commander": "2.12.2",
        "source-map": "0.6.1"
      }
    }
  }
}
